
Microsoft Visual Studio Solution File, Format Version 12.00
# Visual Studio 15
VisualStudioVersion = 15.0.28307.572
MinimumVisualStudioVersion = 10.0.40219.1
Project("{FAE04EC0-301F-11D3-BF4B-00C04F79EFBC}") = "BadSuperBowlNamer2", "BadSuperBowlNamer2\BadSuperBowlNamer2.csproj", "{08F83552-858A-4F77-8284-077E06E3A857}"
EndProject
Project("{FAE04EC0-301F-11D3-BF4B-00C04F79EFBC}") = "BadSuperBowlNamer2.Tests", "BadSuperBowlNamer2.Tests\BadSuperBowlNamer2.Tests.csproj", "{1570855B-6ECE-43BA-815D-F8D5AD28ECCA}"
EndProject
Global
	GlobalSection(SolutionConfigurationPlatforms) = preSolution
		Debug|Any CPU = Debug|Any CPU
		Release|Any CPU = Release|Any CPU
	EndGlobalSection
	GlobalSection(ProjectConfigurationPlatforms) = postSolution
		{08F83552-858A-4F77-8284-077E06E3A857}.Debug|Any CPU.ActiveCfg = Debug|Any CPU
		{08F83552-858A-4F77-8284-077E06E3A857}.Debug|Any CPU.Build.0 = Debug|Any CPU
		{08F83552-858A-4F77-8284-077E06E3A857}.Release|Any CPU.ActiveCfg = Release|Any CPU
		{08F83552-858A-4F77-8284-077E06E3A857}.Release|Any CPU.Build.0 = Release|Any CPU
		{1570855B-6ECE-43BA-815D-F8D5AD28ECCA}.Debug|Any CPU.ActiveCfg = Debug|Any CPU
		{1570855B-6ECE-43BA-815D-F8D5AD28ECCA}.Debug|Any CPU.Build.0 = Debug|Any CPU
		{1570855B-6ECE-43BA-815D-F8D5AD28ECCA}.Release|Any CPU.ActiveCfg = Release|Any CPU
		{1570855B-6ECE-43BA-815D-F8D5AD28ECCA}.Release|Any CPU.Build.0 = Release|Any CPU
	EndGlobalSection
	GlobalSection(SolutionProperties) = preSolution
		HideSolutionNode = FALSE
	EndGlobalSection
	GlobalSection(ExtensibilityGlobals) = postSolution
		SolutionGuid = {51909155-BE0D-4F6E-9E65-275FD1AC2A73}
	EndGlobalSection
EndGlobal
